
Microsoft Visual Studio Solution File, Format Version 12.00
# Visual Studio 15
VisualStudioVersion = 15.0.27703.2026
MinimumVisualStudioVersion = 10.0.40219.1
Project("{FAE04EC0-301F-11D3-BF4B-00C04F79EFBC}") = "categoryStudient", "categoryStudient\categoryStudient.csproj", "{81819B0A-C603-4CF8-B0BB-6CEAC7CB91DB}"
EndProject
Global
	GlobalSection(SolutionConfigurationPlatforms) = preSolution
		Debug|Any CPU = Debug|Any CPU
		Release|Any CPU = Release|Any CPU
	EndGlobalSection
	GlobalSection(ProjectConfigurationPlatforms) = postSolution
		{81819B0A-C603-4CF8-B0BB-6CEAC7CB91DB}.Debug|Any CPU.ActiveCfg = Debug|Any CPU
		{81819B0A-C603-4CF8-B0BB-6CEAC7CB91DB}.Debug|Any CPU.Build.0 = Debug|Any CPU
		{81819B0A-C603-4CF8-B0BB-6CEAC7CB91DB}.Release|Any CPU.ActiveCfg = Release|Any CPU
		{81819B0A-C603-4CF8-B0BB-6CEAC7CB91DB}.Release|Any CPU.Build.0 = Release|Any CPU
	EndGlobalSection
	GlobalSection(SolutionProperties) = preSolution
		HideSolutionNode = FALSE
	EndGlobalSection
	GlobalSection(ExtensibilityGlobals) = postSolution
		SolutionGuid = {7BE9E759-1169-463D-B79F-C8B6D8627EC4}
	EndGlobalSection
EndGlobal
